// !$*UTF8*$!
{
	archiveVersion = 1;
	classes = {
	};
	objectVersion = 48;
	objects = {

/* Begin PBXBuildFile section */
		11EA502A20889AC9003AD89F /* AppDelegate.m in Sources */ = {isa = PBXBuildFile; fileRef = 11EA502920889AC9003AD89F /* AppDelegate.m */; };
		11EA502D20889AC9003AD89F /* ViewController.m in Sources */ = {isa = PBXBuildFile; fileRef = 11EA502C20889AC9003AD89F /* ViewController.m */; };
		11EA503020889AC9003AD89F /* Main.storyboard in Resources */ = {isa = PBXBuildFile; fileRef = 11EA502E20889AC9003AD89F /* Main.storyboard */; };
		11EA503220889AC9003AD89F /* Assets.xcassets in Resources */ = {isa = PBXBuildFile; fileRef = 11EA503120889AC9003AD89F /* Assets.xcassets */; };
		11EA503520889AC9003AD89F /* LaunchScreen.storyboard in Resources */ = {isa = PBXBuildFile; fileRef = 11EA503320889AC9003AD89F /* LaunchScreen.storyboard */; };
		11EA503820889AC9003AD89F /* main.m in Sources */ = {isa = PBXBuildFile; fileRef = 11EA503720889AC9003AD89F /* main.m */; };
		11EA504220889AC9003AD89F /* XMGTest01Tests.m in Sources */ = {isa = PBXBuildFile; fileRef = 11EA504120889AC9003AD89F /* XMGTest01Tests.m */; };
		11EA504D20889AC9003AD89F /* XMGTest01UITests.m in Sources */ = {isa = PBXBuildFile; fileRef = 11EA504C20889AC9003AD89F /* XMGTest01UITests.m */; };
/* End PBXBuildFile section */

/* Begin PBXContainerItemProxy section */
		11EA503E20889AC9003AD89F /* PBXContainerItemProxy */ = {
			isa = PBXContainerItemProxy;
			containerPortal = 11EA501D20889AC9003AD89F /* Project object */;
			proxyType = 1;
			remoteGlobalIDString = 11EA502420889AC9003AD89F;
			remoteInfo = XMGTest01;
		};
		11EA504920889AC9003AD89F /* PBXContainerItemProxy */ = {
			isa = PBXContainerItemProxy;
			containerPortal = 11EA501D20889AC9003AD89F /* Project object */;
			proxyType = 1;
			remoteGlobalIDString = 11EA502420889AC9003AD89F;
			remoteInfo = XMGTest01;
		};
/* End PBXContainerItemProxy section */

/* Begin PBXFileReference section */
		11EA502520889AC9003AD89F /* XMGTest01.app */ = {isa = PBXFileReference; explicitFileType = wrapper.application; includeInIndex = 0; path = XMGTest01.app; sourceTree = BUILT_PRODUCTS_DIR; };
		11EA502820889AC9003AD89F /* AppDelegate.h */ = {isa = PBXFileReference; lastKnownFileType = sourcecode.c.h; path = AppDelegate.h; sourceTree = "<group>"; };
		11EA502920889AC9003AD89F /* AppDelegate.m */ = {isa = PBXFileReference; lastKnownFileType = sourcecode.c.objc; path = AppDelegate.m; sourceTree = "<group>"; };
		11EA502B20889AC9003AD89F /* ViewController.h */ = {isa = PBXFileReference; lastKnownFileType = sourcecode.c.h; path = ViewController.h; sourceTree = "<group>"; };
		11EA502C20889AC9003AD89F /* ViewController.m */ = {isa = PBXFileReference; lastKnownFileType = sourcecode.c.objc; path = ViewController.m; sourceTree = "<group>"; };
		11EA502F20889AC9003AD89F /* Base */ = {isa = PBXFileReference; lastKnownFileType = file.storyboard; name = Base; path = Base.lproj/Main.storyboard; sourceTree = "<group>"; };
		11EA503120889AC9003AD89F /* Assets.xcassets */ = {isa = PBXFileReference; lastKnownFileType = folder.assetcatalog; path = Assets.xcassets; sourceTree = "<group>"; };
		11EA503420889AC9003AD89F /* Base */ = {isa = PBXFileReference; lastKnownFileType = file.storyboard; name = Base; path = Base.lproj/LaunchScreen.storyboard; sourceTree = "<group>"; };
		11EA503620889AC9003AD89F /* Info.plist */ = {isa = PBXFileReference; lastKnownFileType = text.plist.xml; path = Info.plist; sourceTree = "<group>"; };
		11EA503720889AC9003AD89F /* main.m */ = {isa = PBXFileReference; lastKnownFileType = sourcecode.c.objc; path = main.m; sourceTree = "<group>"; };
		11EA503D20889AC9003AD89F /* XMGTest01Tests.xctest */ = {isa = PBXFileReference; explicitFileType = wrapper.cfbundle; includeInIndex = 0; path = XMGTest01Tests.xctest; sourceTree = BUILT_PRODUCTS_DIR; };
		11EA504120889AC9003AD89F /* XMGTest01Tests.m */ = {isa = PBXFileReference; lastKnownFileType = sourcecode.c.objc; path = XMGTest01Tests.m; sourceTree = "<group>"; };
		11EA504320889AC9003AD89F /* Info.plist */ = {isa = PBXFileReference; lastKnownFileType = text.plist.xml; path = Info.plist; sourceTree = "<group>"; };
		11EA504820889AC9003AD89F /* XMGTest01UITests.xctest */ = {isa = PBXFileReference; explicitFileType = wrapper.cfbundle; includeInIndex = 0; path = XMGTest01UITests.xctest; sourceTree = BUILT_PRODUCTS_DIR; };
		11EA504C20889AC9003AD89F /* XMGTest01UITests.m */ = {isa = PBXFileReference; lastKnownFileType = sourcecode.c.objc; path = XMGTest01UITests.m; sourceTree = "<group>"; };
		11EA504E20889AC9003AD89F /* Info.plist */ = {isa = PBXFileReference; lastKnownFileType = text.plist.xml; path = Info.plist; sourceTree = "<group>"; };
/* End PBXFileReference section */

/* Begin PBXFrameworksBuildPhase section */
		11EA502220889AC9003AD89F /* Frameworks */ = {
			isa = PBXFrameworksBuildPhase;
			buildActionMask = 2147483647;
			files = (
			);
			runOnlyForDeploymentPostprocessing = 0;
		};
		11EA503A20889AC9003AD89F /* Frameworks */ = {
			isa = PBXFrameworksBuildPhase;
			buildActionMask = 2147483647;
			files = (
			);
			runOnlyForDeploymentPostprocessing = 0;
		};
		11EA504520889AC9003AD89F /* Frameworks */ = {
			isa = PBXFrameworksBuildPhase;
			buildActionMask = 2147483647;
			files = (
			);
			runOnlyForDeploymentPostprocessing = 0;
		};
/* End PBXFrameworksBuildPhase section */

/* Begin PBXGroup section */
		11EA501C20889AC9003AD89F = {
			isa = PBXGroup;
			children = (
				11EA502720889AC9003AD89F /* XMGTest01 */,
				11EA504020889AC9003AD89F /* XMGTest01Tests */,
				11EA504B20889AC9003AD89F /* XMGTest01UITests */,
				11EA502620889AC9003AD89F /* Products */,
			);
			sourceTree = "<group>";
		};
		11EA502620889AC9003AD89F /* Products */ = {
			isa = PBXGroup;
			children = (
				11EA502520889AC9003AD89F /* XMGTest01.app */,
				11EA503D20889AC9003AD89F /* XMGTest01Tests.xctest */,
				11EA504820889AC9003AD89F /* XMGTest01UITests.xctest */,
			);
			name = Products;
			sourceTree = "<group>";
		};
		11EA502720889AC9003AD89F /* XMGTest01 */ = {
			isa = PBXGroup;
			children = (
				11EA502820889AC9003AD89F /* AppDelegate.h */,
				11EA502920889AC9003AD89F /* AppDelegate.m */,
				11EA502B20889AC9003AD89F /* ViewController.h */,
				11EA502C20889AC9003AD89F /* ViewController.m */,
				11EA502E20889AC9003AD89F /* Main.storyboard */,
				11EA503120889AC9003AD89F /* Assets.xcassets */,
				11EA503320889AC9003AD89F /* LaunchScreen.storyboard */,
				11EA503620889AC9003AD89F /* Info.plist */,
				11EA503720889AC9003AD89F /* main.m */,
			);
			path = XMGTest01;
			sourceTree = "<group>";
		};
		11EA504020889AC9003AD89F /* XMGTest01Tests */ = {
			isa = PBXGroup;
			children = (
				11EA504120889AC9003AD89F /* XMGTest01Tests.m */,
				11EA504320889AC9003AD89F /* Info.plist */,
			);
			path = XMGTest01Tests;
			sourceTree = "<group>";
		};
		11EA504B20889AC9003AD89F /* XMGTest01UITests */ = {
			isa = PBXGroup;
			children = (
				11EA504C20889AC9003AD89F /* XMGTest01UITests.m */,
				11EA504E20889AC9003AD89F /* Info.plist */,
			);
			path = XMGTest01UITests;
			sourceTree = "<group>";
		};
/* End PBXGroup section */

/* Begin PBXNativeTarget section */
		11EA502420889AC9003AD89F /* XMGTest01 */ = {
			isa = PBXNativeTarget;
			buildConfigurationList = 11EA505120889AC9003AD89F /* Build configuration list for PBXNativeTarget "XMGTest01" */;
			buildPhases = (
				11EA502120889AC9003AD89F /* Sources */,
				11EA502220889AC9003AD89F /* Frameworks */,
				11EA502320889AC9003AD89F /* Resources */,
			);
			buildRules = (
			);
			dependencies = (
			);
			name = XMGTest01;
			productName = XMGTest01;
			productReference = 11EA502520889AC9003AD89F /* XMGTest01.app */;
			productType = "com.apple.product-type.application";
		};
		11EA503C20889AC9003AD89F /* XMGTest01Tests */ = {
			isa = PBXNativeTarget;
			buildConfigurationList = 11EA505420889AC9003AD89F /* Build configuration list for PBXNativeTarget "XMGTest01Tests" */;
			buildPhases = (
				11EA503920889AC9003AD89F /* Sources */,
				11EA503A20889AC9003AD89F /* Frameworks */,
				11EA503B20889AC9003AD89F /* Resources */,
			);
			buildRules = (
			);
			dependencies = (
				11EA503F20889AC9003AD89F /* PBXTargetDependency */,
			);
			name = XMGTest01Tests;
			productName = XMGTest01Tests;
			productReference = 11EA503D20889AC9003AD89F /* XMGTest01Tests.xctest */;
			productType = "com.apple.product-type.bundle.unit-test";
		};
		11EA504720889AC9003AD89F /* XMGTest01UITests */ = {
			isa = PBXNativeTarget;
			buildConfigurationList = 11EA505720889AC9003AD89F /* Build configuration list for PBXNativeTarget "XMGTest01UITests" */;
			buildPhases = (
				11EA504420889AC9003AD89F /* Sources */,
				11EA504520889AC9003AD89F /* Frameworks */,
				11EA504620889AC9003AD89F /* Resources */,
			);
			buildRules = (
			);
			dependencies = (
				11EA504A20889AC9003AD89F /* PBXTargetDependency */,
			);
			name = XMGTest01UITests;
			productName = XMGTest01UITests;
			productReference = 11EA504820889AC9003AD89F /* XMGTest01UITests.xctest */;
			productType = "com.apple.product-type.bundle.ui-testing";
		};
/* End PBXNativeTarget section */

/* Begin PBXProject section */
		11EA501D20889AC9003AD89F /* Project object */ = {
			isa = PBXProject;
			attributes = {
				LastUpgradeCheck = 0920;
				ORGANIZATIONNAME = "韩军强";
				TargetAttributes = {
					11EA502420889AC9003AD89F = {
						CreatedOnToolsVersion = 9.2;
						ProvisioningStyle = Automatic;
					};
					11EA503C20889AC9003AD89F = {
						CreatedOnToolsVersion = 9.2;
						ProvisioningStyle = Automatic;
						TestTargetID = 11EA502420889AC9003AD89F;
					};
					11EA504720889AC9003AD89F = {
						CreatedOnToolsVersion = 9.2;
						ProvisioningStyle = Automatic;
						TestTargetID = 11EA502420889AC9003AD89F;
					};
				};
			};
			buildConfigurationList = 11EA502020889AC9003AD89F /* Build configuration list for PBXProject "XMGTest01" */;
			compatibilityVersion = "Xcode 8.0";
			developmentRegion = en;
			hasScannedForEncodings = 0;
			knownRegions = (
				en,
				Base,
			);
			mainGroup = 11EA501C20889AC9003AD89F;
			productRefGroup = 11EA502620889AC9003AD89F /* Products */;
			projectDirPath = "";
			projectRoot = "";
			targets = (
				11EA502420889AC9003AD89F /* XMGTest01 */,
				11EA503C20889AC9003AD89F /* XMGTest01Tests */,
				11EA504720889AC9003AD89F /* XMGTest01UITests */,
			);
		};
/* End PBXProject section */

/* Begin PBXResourcesBuildPhase section */
		11EA502320889AC9003AD89F /* Resources */ = {
			isa = PBXResourcesBuildPhase;
			buildActionMask = 2147483647;
			files = (
				11EA503520889AC9003AD89F /* LaunchScreen.storyboard in Resources */,
				11EA503220889AC9003AD89F /* Assets.xcassets in Resources */,
				11EA503020889AC9003AD89F /* Main.storyboard in Resources */,
			);
			runOnlyForDeploymentPostprocessing = 0;
		};
		11EA503B20889AC9003AD89F /* Resources */ = {
			isa = PBXResourcesBuildPhase;
			buildActionMask = 2147483647;
			files = (
			);
			runOnlyForDeploymentPostprocessing = 0;
		};
		11EA504620889AC9003AD89F /* Resources */ = {
			isa = PBXResourcesBuildPhase;
			buildActionMask = 2147483647;
			files = (
			);
			runOnlyForDeploymentPostprocessing = 0;
		};
/* End PBXResourcesBuildPhase section */

/* Begin PBXSourcesBuildPhase section */
		11EA502120889AC9003AD89F /* Sources */ = {
			isa = PBXSourcesBuildPhase;
			buildActionMask = 2147483647;
			files = (
				11EA502D20889AC9003AD89F /* ViewController.m in Sources */,
				11EA503820889AC9003AD89F /* main.m in Sources */,
				11EA502A20889AC9003AD89F /* AppDelegate.m in Sources */,
			);
			runOnlyForDeploymentPostprocessing = 0;
		};
		11EA503920889AC9003AD89F /* Sources */ = {
			isa = PBXSourcesBuildPhase;
			buildActionMask = 2147483647;
			files = (
				11EA504220889AC9003AD89F /* XMGTest01Tests.m in Sources */,
			);
			runOnlyForDeploymentPostprocessing = 0;
		};
		11EA504420889AC9003AD89F /* Sources */ = {
			isa = PBXSourcesBuildPhase;
			buildActionMask = 2147483647;
			files = (
				11EA504D20889AC9003AD89F /* XMGTest01UITests.m in Sources */,
			);
			runOnlyForDeploymentPostprocessing = 0;
		};
/* End PBXSourcesBuildPhase section */

/* Begin PBXTargetDependency section */
		11EA503F20889AC9003AD89F /* PBXTargetDependency */ = {
			isa = PBXTargetDependency;
			target = 11EA502420889AC9003AD89F /* XMGTest01 */;
			targetProxy = 11EA503E20889AC9003AD89F /* PBXContainerItemProxy */;
		};
		11EA504A20889AC9003AD89F /* PBXTargetDependency */ = {
			isa = PBXTargetDependency;
			target = 11EA502420889AC9003AD89F /* XMGTest01 */;
			targetProxy = 11EA504920889AC9003AD89F /* PBXContainerItemProxy */;
		};
/* End PBXTargetDependency section */

/* Begin PBXVariantGroup section */
		11EA502E20889AC9003AD89F /* Main.storyboard */ = {
			isa = PBXVariantGroup;
			children = (
				11EA502F20889AC9003AD89F /* Base */,
			);
			name = Main.storyboard;
			sourceTree = "<group>";
		};
		11EA503320889AC9003AD89F /* LaunchScreen.storyboard */ = {
			isa = PBXVariantGroup;
			children = (
				11EA503420889AC9003AD89F /* Base */,
			);
			name = LaunchScreen.storyboard;
			sourceTree = "<group>";
		};
/* End PBXVariantGroup section */

/* Begin XCBuildConfiguration section */
		11EA504F20889AC9003AD89F /* Debug */ = {
			isa = XCBuildConfiguration;
			buildSettings = {
				ALWAYS_SEARCH_USER_PATHS = NO;
				CLANG_ANALYZER_NONNULL = YES;
				CLANG_ANALYZER_NUMBER_OBJECT_CONVERSION = YES_AGGRESSIVE;
				CLANG_CXX_LANGUAGE_STANDARD = "gnu++14";
				CLANG_CXX_LIBRARY = "libc++";
				CLANG_ENABLE_MODULES = YES;
				CLANG_ENABLE_OBJC_ARC = YES;
				CLANG_WARN_BLOCK_CAPTURE_AUTORELEASING = YES;
				CLANG_WARN_BOOL_CONVERSION = YES;
				CLANG_WARN_COMMA = YES;
				CLANG_WARN_CONSTANT_CONVERSION = YES;
				CLANG_WARN_DIRECT_OBJC_ISA_USAGE = YES_ERROR;
				CLANG_WARN_DOCUMENTATION_COMMENTS = YES;
				CLANG_WARN_EMPTY_BODY = YES;
				CLANG_WARN_ENUM_CONVERSION = YES;
				CLANG_WARN_INFINITE_RECURSION = YES;
				CLANG_WARN_INT_CONVERSION = YES;
				CLANG_WARN_NON_LITERAL_NULL_CONVERSION = YES;
				CLANG_WARN_OBJC_LITERAL_CONVERSION = YES;
				CLANG_WARN_OBJC_ROOT_CLASS = YES_ERROR;
				CLANG_WARN_RANGE_LOOP_ANALYSIS = YES;
				CLANG_WARN_STRICT_PROTOTYPES = YES;
				CLANG_WARN_SUSPICIOUS_MOVE = YES;
				CLANG_WARN_UNGUARDED_AVAILABILITY = YES_AGGRESSIVE;
				CLANG_WARN_UNREACHABLE_CODE = YES;
				CLANG_WARN__DUPLICATE_METHOD_MATCH = YES;
				CODE_SIGN_IDENTITY = "iPhone Developer";
				COPY_PHASE_STRIP = NO;
				DEBUG_INFORMATION_FORMAT = dwarf;
				ENABLE_STRICT_OBJC_MSGSEND = YES;
				ENABLE_TESTABILITY = YES;
				GCC_C_LANGUAGE_STANDARD = gnu11;
				GCC_DYNAMIC_NO_PIC = NO;
				GCC_NO_COMMON_BLOCKS = YES;
				GCC_OPTIMIZATION_LEVEL = 0;
				GCC_PREPROCESSOR_DEFINITIONS = (
					"DEBUG=1",
					"$(inherited)",
				);
				GCC_WARN_64_TO_32_BIT_CONVERSION = YES;
				GCC_WARN_ABOUT_RETURN_TYPE = YES_ERROR;
				GCC_WARN_UNDECLARED_SELECTOR = YES;
				GCC_WARN_UNINITIALIZED_AUTOS = YES_AGGRESSIVE;
				GCC_WARN_UNUSED_FUNCTION = YES;
				GCC_WARN_UNUSED_VARIABLE = YES;
				IPHONEOS_DEPLOYMENT_TARGET = 11.2;
				MTL_ENABLE_DEBUG_INFO = YES;
				ONLY_ACTIVE_ARCH = YES;
				SDKROOT = iphoneos;
			};
			name = Debug;
		};
		11EA505020889AC9003AD89F /* Release */ = {
			isa = XCBuildConfiguration;
			buildSettings = {
				ALWAYS_SEARCH_USER_PATHS = NO;
				CLANG_ANALYZER_NONNULL = YES;
				CLANG_ANALYZER_NUMBER_OBJECT_CONVERSION = YES_AGGRESSIVE;
				CLANG_CXX_LANGUAGE_STANDARD = "gnu++14";
				CLANG_CXX_LIBRARY = "libc++";
				CLANG_ENABLE_MODULES = YES;
				CLANG_ENABLE_OBJC_ARC = YES;
				CLANG_WARN_BLOCK_CAPTURE_AUTORELEASING = YES;
				CLANG_WARN_BOOL_CONVERSION = YES;
				CLANG_WARN_COMMA = YES;
				CLANG_WARN_CONSTANT_CONVERSION = YES;
				CLANG_WARN_DIRECT_OBJC_ISA_USAGE = YES_ERROR;
				CLANG_WARN_DOCUMENTATION_COMMENTS = YES;
				CLANG_WARN_EMPTY_BODY = YES;
				CLANG_WARN_ENUM_CONVERSION = YES;
				CLANG_WARN_INFINITE_RECURSION = YES;
				CLANG_WARN_INT_CONVERSION = YES;
				CLANG_WARN_NON_LITERAL_NULL_CONVERSION = YES;
				CLANG_WARN_OBJC_LITERAL_CONVERSION = YES;
				CLANG_WARN_OBJC_ROOT_CLASS = YES_ERROR;
				CLANG_WARN_RANGE_LOOP_ANALYSIS = YES;
				CLANG_WARN_STRICT_PROTOTYPES = YES;
				CLANG_WARN_SUSPICIOUS_MOVE = YES;
				CLANG_WARN_UNGUARDED_AVAILABILITY = YES_AGGRESSIVE;
				CLANG_WARN_UNREACHABLE_CODE = YES;
				CLANG_WARN__DUPLICATE_METHOD_MATCH = YES;
				CODE_SIGN_IDENTITY = "iPhone Developer";
				COPY_PHASE_STRIP = NO;
				DEBUG_INFORMATION_FORMAT = "dwarf-with-dsym";
				ENABLE_NS_ASSERTIONS = NO;
				ENABLE_STRICT_OBJC_MSGSEND = YES;
				GCC_C_LANGUAGE_STANDARD = gnu11;
				GCC_NO_COMMON_BLOCKS = YES;
				GCC_WARN_64_TO_32_BIT_CONVERSION = YES;
				GCC_WARN_ABOUT_RETURN_TYPE = YES_ERROR;
				GCC_WARN_UNDECLARED_SELECTOR = YES;
				GCC_WARN_UNINITIALIZED_AUTOS = YES_AGGRESSIVE;
				GCC_WARN_UNUSED_FUNCTION = YES;
				GCC_WARN_UNUSED_VARIABLE = YES;
				IPHONEOS_DEPLOYMENT_TARGET = 11.2;
				MTL_ENABLE_DEBUG_INFO = NO;
				SDKROOT = iphoneos;
				VALIDATE_PRODUCT = YES;
			};
			name = Release;
		};
		11EA505220889AC9003AD89F /* Debug */ = {
			isa = XCBuildConfiguration;
			buildSettings = {
				ASSETCATALOG_COMPILER_APPICON_NAME = AppIcon;
				CODE_SIGN_STYLE = Automatic;
				INFOPLIST_FILE = XMGTest01/Info.plist;
				LD_RUNPATH_SEARCH_PATHS = "$(inherited) @executable_path/Frameworks";
				PRODUCT_BUNDLE_IDENTIFIER = com.rcd.www.XMGTest01;
				PRODUCT_NAME = "$(TARGET_NAME)";
				TARGETED_DEVICE_FAMILY = "1,2";
			};
			name = Debug;
		};
		11EA505320889AC9003AD89F /* Release */ = {
			isa = XCBuildConfiguration;
			buildSettings = {
				ASSETCATALOG_COMPILER_APPICON_NAME = AppIcon;
				CODE_SIGN_STYLE = Automatic;
				INFOPLIST_FILE = XMGTest01/Info.plist;
				LD_RUNPATH_SEARCH_PATHS = "$(inherited) @executable_path/Frameworks";
				PRODUCT_BUNDLE_IDENTIFIER = com.rcd.www.XMGTest01;
				PRODUCT_NAME = "$(TARGET_NAME)";
				TARGETED_DEVICE_FAMILY = "1,2";
			};
			name = Release;
		};
		11EA505520889AC9003AD89F /* Debug */ = {
			isa = XCBuildConfiguration;
			buildSettings = {
				BUNDLE_LOADER = "$(TEST_HOST)";
				CODE_SIGN_STYLE = Automatic;
				INFOPLIST_FILE = XMGTest01Tests/Info.plist;
				LD_RUNPATH_SEARCH_PATHS = "$(inherited) @executable_path/Frameworks @loader_path/Frameworks";
				PRODUCT_BUNDLE_IDENTIFIER = com.rcd.www.XMGTest01Tests;
				PRODUCT_NAME = "$(TARGET_NAME)";
				TARGETED_DEVICE_FAMILY = "1,2";
				TEST_HOST = "$(BUILT_PRODUCTS_DIR)/XMGTest01.app/XMGTest01";
			};
			name = Debug;
		};
		11EA505620889AC9003AD89F /* Release */ = {
			isa = XCBuildConfiguration;
			buildSettings = {
				BUNDLE_LOADER = "$(TEST_HOST)";
				CODE_SIGN_STYLE = Automatic;
				INFOPLIST_FILE = XMGTest01Tests/Info.plist;
				LD_RUNPATH_SEARCH_PATHS = "$(inherited) @executable_path/Frameworks @loader_path/Frameworks";
				PRODUCT_BUNDLE_IDENTIFIER = com.rcd.www.XMGTest01Tests;
				PRODUCT_NAME = "$(TARGET_NAME)";
				TARGETED_DEVICE_FAMILY = "1,2";
				TEST_HOST = "$(BUILT_PRODUCTS_DIR)/XMGTest01.app/XMGTest01";
			};
			name = Release;
		};
		11EA505820889AC9003AD89F /* Debug */ = {
			isa = XCBuildConfiguration;
			buildSettings = {
				CODE_SIGN_STYLE = Automatic;
				INFOPLIST_FILE = XMGTest01UITests/Info.plist;
				LD_RUNPATH_SEARCH_PATHS = "$(inherited) @executable_path/Frameworks @loader_path/Frameworks";
				PRODUCT_BUNDLE_IDENTIFIER = com.rcd.www.XMGTest01UITests;
				PRODUCT_NAME = "$(TARGET_NAME)";
				TARGETED_DEVICE_FAMILY = "1,2";
				TEST_TARGET_NAME = XMGTest01;
			};
			name = Debug;
		};
		11EA505920889AC9003AD89F /* Release */ = {
			isa = XCBuildConfiguration;
			buildSettings = {
				CODE_SIGN_STYLE = Automatic;
				INFOPLIST_FILE = XMGTest01UITests/Info.plist;
				LD_RUNPATH_SEARCH_PATHS = "$(inherited) @executable_path/Frameworks @loader_path/Frameworks";
				PRODUCT_BUNDLE_IDENTIFIER = com.rcd.www.XMGTest01UITests;
				PRODUCT_NAME = "$(TARGET_NAME)";
				TARGETED_DEVICE_FAMILY = "1,2";
				TEST_TARGET_NAME = XMGTest01;
			};
			name = Release;
		};
/* End XCBuildConfiguration section */

/* Begin XCConfigurationList section */
		11EA502020889AC9003AD89F /* Build configuration list for PBXProject "XMGTest01" */ = {
			isa = XCConfigurationList;
			buildConfigurations = (
				11EA504F20889AC9003AD89F /* Debug */,
				11EA505020889AC9003AD89F /* Release */,
			);
			defaultConfigurationIsVisible = 0;
			defaultConfigurationName = Release;
		};
		11EA505120889AC9003AD89F /* Build configuration list for PBXNativeTarget "XMGTest01" */ = {
			isa = XCConfigurationList;
			buildConfigurations = (
				11EA505220889AC9003AD89F /* Debug */,
				11EA505320889AC9003AD89F /* Release */,
			);
			defaultConfigurationIsVisible = 0;
			defaultConfigurationName = Release;
		};
		11EA505420889AC9003AD89F /* Build configuration list for PBXNativeTarget "XMGTest01Tests" */ = {
			isa = XCConfigurationList;
			buildConfigurations = (
				11EA505520889AC9003AD89F /* Debug */,
				11EA505620889AC9003AD89F /* Release */,
			);
			defaultConfigurationIsVisible = 0;
			defaultConfigurationName = Release;
		};
		11EA505720889AC9003AD89F /* Build configuration list for PBXNativeTarget "XMGTest01UITests" */ = {
			isa = XCConfigurationList;
			buildConfigurations = (
				11EA505820889AC9003AD89F /* Debug */,
				11EA505920889AC9003AD89F /* Release */,
			);
			defaultConfigurationIsVisible = 0;
			defaultConfigurationName = Release;
		};
/* End XCConfigurationList section */
	};
	rootObject = 11EA501D20889AC9003AD89F /* Project object */;
}
